
Microsoft Visual Studio Solution File, Format Version 12.00
# Visual Studio Version 17
VisualStudioVersion = 17.3.32929.385
MinimumVisualStudioVersion = 10.0.40219.1
Project("{FAE04EC0-301F-11D3-BF4B-00C04F79EFBC}") = "WorkWithForms", "WorkWithForms\WorkWithForms.csproj", "{D88719BF-8384-4D00-B202-927212BABFD3}"
EndProject
Global
	GlobalSection(SolutionConfigurationPlatforms) = preSolution
		Debug|Any CPU = Debug|Any CPU
		Release|Any CPU = Release|Any CPU
	EndGlobalSection
	GlobalSection(ProjectConfigurationPlatforms) = postSolution
		{D88719BF-8384-4D00-B202-927212BABFD3}.Debug|Any CPU.ActiveCfg = Debug|Any CPU
		{D88719BF-8384-4D00-B202-927212BABFD3}.Debug|Any CPU.Build.0 = Debug|Any CPU
		{D88719BF-8384-4D00-B202-927212BABFD3}.Release|Any CPU.ActiveCfg = Release|Any CPU
		{D88719BF-8384-4D00-B202-927212BABFD3}.Release|Any CPU.Build.0 = Release|Any CPU
	EndGlobalSection
	GlobalSection(SolutionProperties) = preSolution
		HideSolutionNode = FALSE
	EndGlobalSection
	GlobalSection(ExtensibilityGlobals) = postSolution
		SolutionGuid = {2198084E-ACC7-4002-BC08-89B06C1D552C}
	EndGlobalSection
EndGlobal
